{
  "name": "@scrimmage/activepieces-scrimmage-rewards",
  "version": "0.0.1",
  "lockfileVersion": 3,
  "requires": true,
  "packages": {
    "": {
      "name": "@scrimmage/activepieces-scrimmage-rewards",
      "version": "0.0.1",
      "dependencies": {
        "@scrimmage/schemas": "^1.4.0"
      }
    },
    "node_modules/@scrimmage/schemas": {
      "version": "1.4.0",
      "resolved": "https://registry.npmjs.org/@scrimmage/schemas/-/schemas-1.4.0.tgz",
      "integrity": "sha512-TTdAeG1ehrrKpka2Lw7dLKko++8ggLzrMZgm49BSyW3GBFIJhLFd0pr8GY6zAMzmQCetOuOIq+QVINLK7Iuyjg=="
    }
  }
}
