{
  "name": "@scrimmage/activepieces-scrimmage-rewards",
  "version": "0.1.1",
  "lockfileVersion": 3,
  "requires": true,
  "packages": {
    "": {
      "name": "@scrimmage/activepieces-scrimmage-rewards",
      "version": "0.1.1",
      "dependencies": {
        "@scrimmage/schemas": "^1.5.0"
      }
    },
    "node_modules/@scrimmage/schemas": {
      "version": "1.5.0",
      "resolved": "https://registry.npmjs.org/@scrimmage/schemas/-/schemas-1.5.0.tgz",
      "integrity": "sha512-Or7UOYStoFGuypNQ4eEz9ypH4FbmQ7XYzjkTnE1yorUsno/JRFaT1EDIDnAiuMV3heEdzbySwlE0o+K3aYh8DQ=="
    }
  }
}
